{
  "name": "chinese-voice-assistant",
  "lockfileVersion": 3,
  "requires": true,
  "packages": {
    "": {
      "dependencies": {
        "@pipecat-ai/client-js": "^1.5.0",
        "@pipecat-ai/client-react": "^1.1.0",
        "@playwright/mcp": "^0.0.54"
      }
    },
    "node_modules/@pipecat-ai/client-js": {
      "version": "1.5.0",
      "resolved": "https://registry.npmjs.org/@pipecat-ai/client-js/-/client-js-1.5.0.tgz",
      "integrity": "sha512-WE8n5P98XoOyEX+k6DkcxBFaeoP82rDl3BEm4Zxf8tw1Umw5zFsv73qR6ztU4D5WDbYiscA3J+hGfe+g8PSUIw==",
      "license": "BSD-2-Clause",
      "peer": true,
      "dependencies": {
        "@types/events": "^3.0.3",
        "bowser": "^2.11.0",
        "clone-deep": "^4.0.1",
        "events": "^3.3.0",
        "typed-emitter": "^2.1.0",
        "uuid": "^10.0.0"
      }
    },
    "node_modules/@pipecat-ai/client-react": {
      "version": "1.1.0",
      "resolved": "https://registry.npmjs.org/@pipecat-ai/client-react/-/client-react-1.1.0.tgz",
      "integrity": "sha512-OfXd2vd8ooOE1I/7SwVnSPXz2UC/L2GlAMYVO40ClzoeeJidywcNfbqTO2ZDxcxvFf15tv4O9aAM3uPo4Ou13A==",
      "license": "BSD-2-Clause",
      "dependencies": {
        "jotai": "^2.9.0"
      },
      "peerDependencies": {
        "@pipecat-ai/client-js": "*",
        "react": ">=18",
        "react-dom": ">=18"
      }
    },
    "node_modules/@playwright/mcp": {
      "version": "0.0.54",
      "resolved": "https://registry.npmjs.org/@playwright/mcp/-/mcp-0.0.54.tgz",
      "integrity": "sha512-5hhRPZp/r/2j120W4fqC8se5/Y9Y40jf8e+Vp2VX69IoIbq06cN0LRK7cdcNrjdMHDyDSL8pTWf7QfWexvTsOQ==",
      "license": "Apache-2.0",
      "dependencies": {
        "playwright": "1.58.0-alpha-2025-12-29",
        "playwright-core": "1.58.0-alpha-2025-12-29"
      },
      "bin": {
        "mcp-server-playwright": "cli.js"
      },
      "engines": {
        "node": ">=18"
      }
    },
    "node_modules/@types/events": {
      "version": "3.0.3",
      "resolved": "https://registry.npmjs.org/@types/events/-/events-3.0.3.tgz",
      "integrity": "sha512-trOc4AAUThEz9hapPtSd7wf5tiQKvTtu5b371UxXdTuqzIh0ArcRspRP0i0Viu+LXstIQ1z96t1nsPxT9ol01g==",
      "license": "MIT"
    },
    "node_modules/bowser": {
      "version": "2.13.1",
      "resolved": "https://registry.npmjs.org/bowser/-/bowser-2.13.1.tgz",
      "integrity": "sha512-OHawaAbjwx6rqICCKgSG0SAnT05bzd7ppyKLVUITZpANBaaMFBAsaNkto3LoQ31tyFP5kNujE8Cdx85G9VzOkw==",
      "license": "MIT"
    },
    "node_modules/clone-deep": {
      "version": "4.0.1",
      "resolved": "https://registry.npmjs.org/clone-deep/-/clone-deep-4.0.1.tgz",
      "integrity": "sha512-neHB9xuzh/wk0dIHweyAXv2aPGZIVk3pLMe+/RNzINf17fe0OG96QroktYAUm7SM1PBnzTabaLboqqxDyMU+SQ==",
      "license": "MIT",
      "dependencies": {
        "is-plain-object": "^2.0.4",
        "kind-of": "^6.0.2",
        "shallow-clone": "^3.0.0"
      },
      "engines": {
        "node": ">=6"
      }
    },
    "node_modules/events": {
      "version": "3.3.0",
      "resolved": "https://registry.npmjs.org/events/-/events-3.3.0.tgz",
      "integrity": "sha512-mQw+2fkQbALzQ7V0MY0IqdnXNOeTtP4r0lN9z7AAawCXgqea7bDii20AYrIBrFd/Hx0M2Ocz6S111CaFkUcb0Q==",
      "license": "MIT",
      "engines": {
        "node": ">=0.8.x"
      }
    },
    "node_modules/fsevents": {
      "version": "2.3.2",
      "resolved": "https://registry.npmjs.org/fsevents/-/fsevents-2.3.2.tgz",
      "integrity": "sha512-xiqMQR4xAeHTuB9uWm+fFRcIOgKBMiOBP+eXiyT7jsgVCq1bkVygt00oASowB7EdtpOHaaPgKt812P9ab+DDKA==",
      "hasInstallScript": true,
      "license": "MIT",
      "optional": true,
      "os": [
        "darwin"
      ],
      "engines": {
        "node": "^8.16.0 || ^10.6.0 || >=11.0.0"
      }
    },
    "node_modules/is-plain-object": {
      "version": "2.0.4",
      "resolved": "https://registry.npmjs.org/is-plain-object/-/is-plain-object-2.0.4.tgz",
      "integrity": "sha512-h5PpgXkWitc38BBMYawTYMWJHFZJVnBquFE57xFpjB8pJFiF6gZ+bU+WyI/yqXiFR5mdLsgYNaPe8uao6Uv9Og==",
      "license": "MIT",
      "dependencies": {
        "isobject": "^3.0.1"
      },
      "engines": {
        "node": ">=0.10.0"
      }
    },
    "node_modules/isobject": {
      "version": "3.0.1",
      "resolved": "https://registry.npmjs.org/isobject/-/isobject-3.0.1.tgz",
      "integrity": "sha512-WhB9zCku7EGTj/HQQRz5aUQEUeoQZH2bWcltRErOpymJ4boYE6wL9Tbr23krRPSZ+C5zqNSrSw+Cc7sZZ4b7vg==",
      "license": "MIT",
      "engines": {
        "node": ">=0.10.0"
      }
    },
    "node_modules/jotai": {
      "version": "2.16.0",
      "resolved": "https://registry.npmjs.org/jotai/-/jotai-2.16.0.tgz",
      "integrity": "sha512-NmkwPBet0SHQ28GBfEb10sqnbVOYyn6DL4iazZgGRDUKxSWL0iqcm+IK4TqTSFC2ixGk+XX2e46Wbv364a3cKg==",
      "license": "MIT",
      "engines": {
        "node": ">=12.20.0"
      },
      "peerDependencies": {
        "@babel/core": ">=7.0.0",
        "@babel/template": ">=7.0.0",
        "@types/react": ">=17.0.0",
        "react": ">=17.0.0"
      },
      "peerDependenciesMeta": {
        "@babel/core": {
          "optional": true
        },
        "@babel/template": {
          "optional": true
        },
        "@types/react": {
          "optional": true
        },
        "react": {
          "optional": true
        }
      }
    },
    "node_modules/kind-of": {
      "version": "6.0.3",
      "resolved": "https://registry.npmjs.org/kind-of/-/kind-of-6.0.3.tgz",
      "integrity": "sha512-dcS1ul+9tmeD95T+x28/ehLgd9mENa3LsvDTtzm3vyBEO7RPptvAD+t44WVXaUjTBRcrpFeFlC8WCruUR456hw==",
      "license": "MIT",
      "engines": {
        "node": ">=0.10.0"
      }
    },
    "node_modules/playwright": {
      "version": "1.58.0-alpha-2025-12-29",
      "resolved": "https://registry.npmjs.org/playwright/-/playwright-1.58.0-alpha-2025-12-29.tgz",
      "integrity": "sha512-syUV2eOFrAxG7LKAxI0KeLrwakifVD8Q/a+9uQZqEX7GxPhySHMnZ9wwq1YFco6tztDfWz9//vcCgN/e0wBb7A==",
      "license": "Apache-2.0",
      "dependencies": {
        "playwright-core": "1.58.0-alpha-2025-12-29"
      },
      "bin": {
        "playwright": "cli.js"
      },
      "engines": {
        "node": ">=18"
      },
      "optionalDependencies": {
        "fsevents": "2.3.2"
      }
    },
    "node_modules/playwright-core": {
      "version": "1.58.0-alpha-2025-12-29",
      "resolved": "https://registry.npmjs.org/playwright-core/-/playwright-core-1.58.0-alpha-2025-12-29.tgz",
      "integrity": "sha512-nxeyVkzX5EXxOaQFTvS4N6fSzsod06A5CMLOBjsCMUGZkmJF6HO4OXkoSTw6ONsgAzIwqas5DdTDO6QXZbFm1A==",
      "license": "Apache-2.0",
      "bin": {
        "playwright-core": "cli.js"
      },
      "engines": {
        "node": ">=18"
      }
    },
    "node_modules/react": {
      "version": "19.2.3",
      "resolved": "https://registry.npmjs.org/react/-/react-19.2.3.tgz",
      "integrity": "sha512-Ku/hhYbVjOQnXDZFv2+RibmLFGwFdeeKHFcOTlrt7xplBnya5OGn/hIRDsqDiSUcfORsDC7MPxwork8jBwsIWA==",
      "license": "MIT",
      "peer": true,
      "engines": {
        "node": ">=0.10.0"
      }
    },
    "node_modules/react-dom": {
      "version": "19.2.3",
      "resolved": "https://registry.npmjs.org/react-dom/-/react-dom-19.2.3.tgz",
      "integrity": "sha512-yELu4WmLPw5Mr/lmeEpox5rw3RETacE++JgHqQzd2dg+YbJuat3jH4ingc+WPZhxaoFzdv9y33G+F7Nl5O0GBg==",
      "license": "MIT",
      "peer": true,
      "dependencies": {
        "scheduler": "^0.27.0"
      },
      "peerDependencies": {
        "react": "^19.2.3"
      }
    },
    "node_modules/rxjs": {
      "version": "7.8.2",
      "resolved": "https://registry.npmjs.org/rxjs/-/rxjs-7.8.2.tgz",
      "integrity": "sha512-dhKf903U/PQZY6boNNtAGdWbG85WAbjT/1xYoZIC7FAY0yWapOBQVsVrDl58W86//e1VpMNBtRV4MaXfdMySFA==",
      "license": "Apache-2.0",
      "optional": true,
      "dependencies": {
        "tslib": "^2.1.0"
      }
    },
    "node_modules/scheduler": {
      "version": "0.27.0",
      "resolved": "https://registry.npmjs.org/scheduler/-/scheduler-0.27.0.tgz",
      "integrity": "sha512-eNv+WrVbKu1f3vbYJT/xtiF5syA5HPIMtf9IgY/nKg0sWqzAUEvqY/xm7OcZc/qafLx/iO9FgOmeSAp4v5ti/Q==",
      "license": "MIT"
    },
    "node_modules/shallow-clone": {
      "version": "3.0.1",
      "resolved": "https://registry.npmjs.org/shallow-clone/-/shallow-clone-3.0.1.tgz",
      "integrity": "sha512-/6KqX+GVUdqPuPPd2LxDDxzX6CAbjJehAAOKlNpqqUpAqPM6HeL8f+o3a+JsyGjn2lv0WY8UsTgUJjU9Ok55NA==",
      "license": "MIT",
      "dependencies": {
        "kind-of": "^6.0.2"
      },
      "engines": {
        "node": ">=8"
      }
    },
    "node_modules/tslib": {
      "version": "2.8.1",
      "resolved": "https://registry.npmjs.org/tslib/-/tslib-2.8.1.tgz",
      "integrity": "sha512-oJFu94HQb+KVduSUQL7wnpmqnfmLsOA/nAh6b6EH0wCEoK0/mPeXU6c3wKDV83MkOuHPRHtSXKKU99IBazS/2w==",
      "license": "0BSD",
      "optional": true
    },
    "node_modules/typed-emitter": {
      "version": "2.1.0",
      "resolved": "https://registry.npmjs.org/typed-emitter/-/typed-emitter-2.1.0.tgz",
      "integrity": "sha512-g/KzbYKbH5C2vPkaXGu8DJlHrGKHLsM25Zg9WuC9pMGfuvT+X25tZQWo5fK1BjBm8+UrVE9LDCvaY0CQk+fXDA==",
      "license": "MIT",
      "optionalDependencies": {
        "rxjs": "*"
      }
    },
    "node_modules/uuid": {
      "version": "10.0.0",
      "resolved": "https://registry.npmjs.org/uuid/-/uuid-10.0.0.tgz",
      "integrity": "sha512-8XkAphELsDnEGrDxUOHB3RGvXz6TeuYSGEZBOjtTtPm2lwhGBjLgOzLHB63IUWfBpNucQjND6d3AOudO+H3RWQ==",
      "funding": [
        "https://github.com/sponsors/broofa",
        "https://github.com/sponsors/ctavan"
      ],
      "license": "MIT",
      "bin": {
        "uuid": "dist/bin/uuid"
      }
    }
  }
}
